// !$*UTF8*$!
{
	archiveVersion = 1;
	classes = {
	};
	objectVersion = 48;
	objects = {

/* Begin PBXBuildFile section */
		05174DAD206EC9760023DD5A /* UIImageView+DownloadImage.swift in Sources */ = {isa = PBXBuildFile; fileRef = 05174DAC206EC9760023DD5A /* UIImageView+DownloadImage.swift */; };
		0526145620698B8B00BB1DCA /* SearchResult.swift in Sources */ = {isa = PBXBuildFile; fileRef = 0526145520698B8B00BB1DCA /* SearchResult.swift */; };
		0526145820699D0C00BB1DCA /* SearchResultCell.xib in Resources */ = {isa = PBXBuildFile; fileRef = 0526145720699D0C00BB1DCA /* SearchResultCell.xib */; };
		0526145A2069A1ED00BB1DCA /* SearchResultCell.swift in Sources */ = {isa = PBXBuildFile; fileRef = 052614592069A1ED00BB1DCA /* SearchResultCell.swift */; };
		0526145C2069A5A100BB1DCA /* NothingFoundCell.xib in Resources */ = {isa = PBXBuildFile; fileRef = 0526145B2069A5A100BB1DCA /* NothingFoundCell.xib */; };
		05323E912072B82600E655DD /* GradientView.swift in Sources */ = {isa = PBXBuildFile; fileRef = 05323E902072B82600E655DD /* GradientView.swift */; };
		05323E932072C20F00E655DD /* BounceAnimationController.swift in Sources */ = {isa = PBXBuildFile; fileRef = 05323E922072C20F00E655DD /* BounceAnimationController.swift */; };
		05323E952072CCC400E655DD /* LandscapeViewController.swift in Sources */ = {isa = PBXBuildFile; fileRef = 05323E942072CCC400E655DD /* LandscapeViewController.swift */; };
		053F26CA2071435F00C7FD3B /* DetailViewController.swift in Sources */ = {isa = PBXBuildFile; fileRef = 053F26C92071435F00C7FD3B /* DetailViewController.swift */; };
		053F26CD2071471B00C7FD3B /* DimmingPresentationController.swift in Sources */ = {isa = PBXBuildFile; fileRef = 053F26CC2071471B00C7FD3B /* DimmingPresentationController.swift */; };
		0592ABCE20697BFA00189CF5 /* AppDelegate.swift in Sources */ = {isa = PBXBuildFile; fileRef = 0592ABCD20697BFA00189CF5 /* AppDelegate.swift */; };
		0592ABD020697BFA00189CF5 /* SearchViewController.swift in Sources */ = {isa = PBXBuildFile; fileRef = 0592ABCF20697BFA00189CF5 /* SearchViewController.swift */; };
		0592ABD320697BFA00189CF5 /* Main.storyboard in Resources */ = {isa = PBXBuildFile; fileRef = 0592ABD120697BFA00189CF5 /* Main.storyboard */; };
		0592ABD520697BFA00189CF5 /* Assets.xcassets in Resources */ = {isa = PBXBuildFile; fileRef = 0592ABD420697BFA00189CF5 /* Assets.xcassets */; };
		05B9C764206D33D100A73E8E /* LoadingCell.xib in Resources */ = {isa = PBXBuildFile; fileRef = 05B9C763206D33D100A73E8E /* LoadingCell.xib */; };
		05C05AB5207426E70013426B /* FadeOutAnimationController.swift in Sources */ = {isa = PBXBuildFile; fileRef = 05C05AB4207426E70013426B /* FadeOutAnimationController.swift */; };
		05C05AB720742BE20013426B /* SlideOutAnimationController.swift in Sources */ = {isa = PBXBuildFile; fileRef = 05C05AB620742BE20013426B /* SlideOutAnimationController.swift */; };
/* End PBXBuildFile section */

/* Begin PBXFileReference section */
		05174DAC206EC9760023DD5A /* UIImageView+DownloadImage.swift */ = {isa = PBXFileReference; lastKnownFileType = sourcecode.swift; path = "UIImageView+DownloadImage.swift"; sourceTree = "<group>"; };
		0526145520698B8B00BB1DCA /* SearchResult.swift */ = {isa = PBXFileReference; lastKnownFileType = sourcecode.swift; path = SearchResult.swift; sourceTree = "<group>"; };
		0526145720699D0C00BB1DCA /* SearchResultCell.xib */ = {isa = PBXFileReference; lastKnownFileType = file.xib; path = SearchResultCell.xib; sourceTree = "<group>"; };
		052614592069A1ED00BB1DCA /* SearchResultCell.swift */ = {isa = PBXFileReference; lastKnownFileType = sourcecode.swift; path = SearchResultCell.swift; sourceTree = "<group>"; };
		0526145B2069A5A100BB1DCA /* NothingFoundCell.xib */ = {isa = PBXFileReference; lastKnownFileType = file.xib; path = NothingFoundCell.xib; sourceTree = "<group>"; };
		05323E902072B82600E655DD /* GradientView.swift */ = {isa = PBXFileReference; lastKnownFileType = sourcecode.swift; path = GradientView.swift; sourceTree = "<group>"; };
		05323E922072C20F00E655DD /* BounceAnimationController.swift */ = {isa = PBXFileReference; lastKnownFileType = sourcecode.swift; path = BounceAnimationController.swift; sourceTree = "<group>"; };
		05323E942072CCC400E655DD /* LandscapeViewController.swift */ = {isa = PBXFileReference; lastKnownFileType = sourcecode.swift; path = LandscapeViewController.swift; sourceTree = "<group>"; };
		053F26C92071435F00C7FD3B /* DetailViewController.swift */ = {isa = PBXFileReference; lastKnownFileType = sourcecode.swift; path = DetailViewController.swift; sourceTree = "<group>"; };
		053F26CC2071471B00C7FD3B /* DimmingPresentationController.swift */ = {isa = PBXFileReference; lastKnownFileType = sourcecode.swift; path = DimmingPresentationController.swift; sourceTree = "<group>"; };
		0592ABCA20697BFA00189CF5 /* StoreSearch.app */ = {isa = PBXFileReference; explicitFileType = wrapper.application; includeInIndex = 0; path = StoreSearch.app; sourceTree = BUILT_PRODUCTS_DIR; };
		0592ABCD20697BFA00189CF5 /* AppDelegate.swift */ = {isa = PBXFileReference; lastKnownFileType = sourcecode.swift; path = AppDelegate.swift; sourceTree = "<group>"; };
		0592ABCF20697BFA00189CF5 /* SearchViewController.swift */ = {isa = PBXFileReference; lastKnownFileType = sourcecode.swift; path = SearchViewController.swift; sourceTree = "<group>"; };
		0592ABD220697BFA00189CF5 /* Base */ = {isa = PBXFileReference; lastKnownFileType = file.storyboard; name = Base; path = Base.lproj/Main.storyboard; sourceTree = "<group>"; };
		0592ABD420697BFA00189CF5 /* Assets.xcassets */ = {isa = PBXFileReference; lastKnownFileType = folder.assetcatalog; path = Assets.xcassets; sourceTree = "<group>"; };
		0592ABD920697BFA00189CF5 /* Info.plist */ = {isa = PBXFileReference; lastKnownFileType = text.plist.xml; path = Info.plist; sourceTree = "<group>"; };
		05B9C763206D33D100A73E8E /* LoadingCell.xib */ = {isa = PBXFileReference; lastKnownFileType = file.xib; path = LoadingCell.xib; sourceTree = "<group>"; };
		05C05AB4207426E70013426B /* FadeOutAnimationController.swift */ = {isa = PBXFileReference; lastKnownFileType = sourcecode.swift; path = FadeOutAnimationController.swift; sourceTree = "<group>"; };
		05C05AB620742BE20013426B /* SlideOutAnimationController.swift */ = {isa = PBXFileReference; lastKnownFileType = sourcecode.swift; path = SlideOutAnimationController.swift; sourceTree = "<group>"; };
/* End PBXFileReference section */

/* Begin PBXFrameworksBuildPhase section */
		0592ABC720697BFA00189CF5 /* Frameworks */ = {
			isa = PBXFrameworksBuildPhase;
			buildActionMask = 2147483647;
			files = (
			);
			runOnlyForDeploymentPostprocessing = 0;
		};
/* End PBXFrameworksBuildPhase section */

/* Begin PBXGroup section */
		0509E146206C3AA4006FD771 /* nibs */ = {
			isa = PBXGroup;
			children = (
				05B9C763206D33D100A73E8E /* LoadingCell.xib */,
				0526145B2069A5A100BB1DCA /* NothingFoundCell.xib */,
				0526145720699D0C00BB1DCA /* SearchResultCell.xib */,
			);
			path = nibs;
			sourceTree = "<group>";
		};
		053F26CB2071436E00C7FD3B /* Controllers */ = {
			isa = PBXGroup;
			children = (
				05323E922072C20F00E655DD /* BounceAnimationController.swift */,
				053F26C92071435F00C7FD3B /* DetailViewController.swift */,
				053F26CC2071471B00C7FD3B /* DimmingPresentationController.swift */,
				05C05AB4207426E70013426B /* FadeOutAnimationController.swift */,
				05323E942072CCC400E655DD /* LandscapeViewController.swift */,
				0592ABCF20697BFA00189CF5 /* SearchViewController.swift */,
				05C05AB620742BE20013426B /* SlideOutAnimationController.swift */,
			);
			path = Controllers;
			sourceTree = "<group>";
		};
		0592ABC120697BFA00189CF5 = {
			isa = PBXGroup;
			children = (
				0592ABCC20697BFA00189CF5 /* StoreSearch */,
				0592ABCB20697BFA00189CF5 /* Products */,
			);
			sourceTree = "<group>";
		};
		0592ABCB20697BFA00189CF5 /* Products */ = {
			isa = PBXGroup;
			children = (
				0592ABCA20697BFA00189CF5 /* StoreSearch.app */,
			);
			name = Products;
			sourceTree = "<group>";
		};
		0592ABCC20697BFA00189CF5 /* StoreSearch */ = {
			isa = PBXGroup;
			children = (
				0592ABCD20697BFA00189CF5 /* AppDelegate.swift */,
				0592ABD420697BFA00189CF5 /* Assets.xcassets */,
				053F26CB2071436E00C7FD3B /* Controllers */,
				0592ABD920697BFA00189CF5 /* Info.plist */,
				0592ABD120697BFA00189CF5 /* Main.storyboard */,
				05323E902072B82600E655DD /* GradientView.swift */,
				0509E146206C3AA4006FD771 /* nibs */,
				0526145520698B8B00BB1DCA /* SearchResult.swift */,
				052614592069A1ED00BB1DCA /* SearchResultCell.swift */,
				05174DAC206EC9760023DD5A /* UIImageView+DownloadImage.swift */,
			);
			path = StoreSearch;
			sourceTree = "<group>";
		};
/* End PBXGroup section */

/* Begin PBXNativeTarget section */
		0592ABC920697BFA00189CF5 /* StoreSearch */ = {
			isa = PBXNativeTarget;
			buildConfigurationList = 0592ABDC20697BFA00189CF5 /* Build configuration list for PBXNativeTarget "StoreSearch" */;
			buildPhases = (
				0592ABC620697BFA00189CF5 /* Sources */,
				0592ABC720697BFA00189CF5 /* Frameworks */,
				0592ABC820697BFA00189CF5 /* Resources */,
			);
			buildRules = (
			);
			dependencies = (
			);
			name = StoreSearch;
			productName = StoreSearch;
			productReference = 0592ABCA20697BFA00189CF5 /* StoreSearch.app */;
			productType = "com.apple.product-type.application";
		};
/* End PBXNativeTarget section */

/* Begin PBXProject section */
		0592ABC220697BFA00189CF5 /* Project object */ = {
			isa = PBXProject;
			attributes = {
				LastSwiftUpdateCheck = 0920;
				LastUpgradeCheck = 0930;
				ORGANIZATIONNAME = "Banana Viking";
				TargetAttributes = {
					0592ABC920697BFA00189CF5 = {
						CreatedOnToolsVersion = 9.2;
						ProvisioningStyle = Automatic;
					};
				};
			};
			buildConfigurationList = 0592ABC520697BFA00189CF5 /* Build configuration list for PBXProject "StoreSearch" */;
			compatibilityVersion = "Xcode 8.0";
			developmentRegion = en;
			hasScannedForEncodings = 0;
			knownRegions = (
				en,
				Base,
			);
			mainGroup = 0592ABC120697BFA00189CF5;
			productRefGroup = 0592ABCB20697BFA00189CF5 /* Products */;
			projectDirPath = "";
			projectRoot = "";
			targets = (
				0592ABC920697BFA00189CF5 /* StoreSearch */,
			);
		};
/* End PBXProject section */

/* Begin PBXResourcesBuildPhase section */
		0592ABC820697BFA00189CF5 /* Resources */ = {
			isa = PBXResourcesBuildPhase;
			buildActionMask = 2147483647;
			files = (
				0592ABD520697BFA00189CF5 /* Assets.xcassets in Resources */,
				05B9C764206D33D100A73E8E /* LoadingCell.xib in Resources */,
				0526145820699D0C00BB1DCA /* SearchResultCell.xib in Resources */,
				0526145C2069A5A100BB1DCA /* NothingFoundCell.xib in Resources */,
				0592ABD320697BFA00189CF5 /* Main.storyboard in Resources */,
			);
			runOnlyForDeploymentPostprocessing = 0;
		};
/* End PBXResourcesBuildPhase section */

/* Begin PBXSourcesBuildPhase section */
		0592ABC620697BFA00189CF5 /* Sources */ = {
			isa = PBXSourcesBuildPhase;
			buildActionMask = 2147483647;
			files = (
				0592ABD020697BFA00189CF5 /* SearchViewController.swift in Sources */,
				053F26CD2071471B00C7FD3B /* DimmingPresentationController.swift in Sources */,
				05323E952072CCC400E655DD /* LandscapeViewController.swift in Sources */,
				0526145620698B8B00BB1DCA /* SearchResult.swift in Sources */,
				0526145A2069A1ED00BB1DCA /* SearchResultCell.swift in Sources */,
				05C05AB5207426E70013426B /* FadeOutAnimationController.swift in Sources */,
				05323E932072C20F00E655DD /* BounceAnimationController.swift in Sources */,
				053F26CA2071435F00C7FD3B /* DetailViewController.swift in Sources */,
				0592ABCE20697BFA00189CF5 /* AppDelegate.swift in Sources */,
				05323E912072B82600E655DD /* GradientView.swift in Sources */,
				05174DAD206EC9760023DD5A /* UIImageView+DownloadImage.swift in Sources */,
				05C05AB720742BE20013426B /* SlideOutAnimationController.swift in Sources */,
			);
			runOnlyForDeploymentPostprocessing = 0;
		};
/* End PBXSourcesBuildPhase section */

/* Begin PBXVariantGroup section */
		0592ABD120697BFA00189CF5 /* Main.storyboard */ = {
			isa = PBXVariantGroup;
			children = (
				0592ABD220697BFA00189CF5 /* Base */,
			);
			name = Main.storyboard;
			sourceTree = "<group>";
		};
/* End PBXVariantGroup section */

/* Begin XCBuildConfiguration section */
		0592ABDA20697BFA00189CF5 /* Debug */ = {
			isa = XCBuildConfiguration;
			buildSettings = {
				ALWAYS_SEARCH_USER_PATHS = NO;
				CLANG_ANALYZER_NONNULL = YES;
				CLANG_ANALYZER_NUMBER_OBJECT_CONVERSION = YES_AGGRESSIVE;
				CLANG_CXX_LANGUAGE_STANDARD = "gnu++14";
				CLANG_CXX_LIBRARY = "libc++";
				CLANG_ENABLE_MODULES = YES;
				CLANG_ENABLE_OBJC_ARC = YES;
				CLANG_WARN_BLOCK_CAPTURE_AUTORELEASING = YES;
				CLANG_WARN_BOOL_CONVERSION = YES;
				CLANG_WARN_COMMA = YES;
				CLANG_WARN_CONSTANT_CONVERSION = YES;
				CLANG_WARN_DEPRECATED_OBJC_IMPLEMENTATIONS = YES;
				CLANG_WARN_DIRECT_OBJC_ISA_USAGE = YES_ERROR;
				CLANG_WARN_DOCUMENTATION_COMMENTS = YES;
				CLANG_WARN_EMPTY_BODY = YES;
				CLANG_WARN_ENUM_CONVERSION = YES;
				CLANG_WARN_INFINITE_RECURSION = YES;
				CLANG_WARN_INT_CONVERSION = YES;
				CLANG_WARN_NON_LITERAL_NULL_CONVERSION = YES;
				CLANG_WARN_OBJC_IMPLICIT_RETAIN_SELF = YES;
				CLANG_WARN_OBJC_LITERAL_CONVERSION = YES;
				CLANG_WARN_OBJC_ROOT_CLASS = YES_ERROR;
				CLANG_WARN_RANGE_LOOP_ANALYSIS = YES;
				CLANG_WARN_STRICT_PROTOTYPES = YES;
				CLANG_WARN_SUSPICIOUS_MOVE = YES;
				CLANG_WARN_UNGUARDED_AVAILABILITY = YES_AGGRESSIVE;
				CLANG_WARN_UNREACHABLE_CODE = YES;
				CLANG_WARN__DUPLICATE_METHOD_MATCH = YES;
				CODE_SIGN_IDENTITY = "iPhone Developer";
				COPY_PHASE_STRIP = NO;
				DEBUG_INFORMATION_FORMAT = dwarf;
				ENABLE_STRICT_OBJC_MSGSEND = YES;
				ENABLE_TESTABILITY = YES;
				GCC_C_LANGUAGE_STANDARD = gnu11;
				GCC_DYNAMIC_NO_PIC = NO;
				GCC_NO_COMMON_BLOCKS = YES;
				GCC_OPTIMIZATION_LEVEL = 0;
				GCC_PREPROCESSOR_DEFINITIONS = (
					"DEBUG=1",
					"$(inherited)",
				);
				GCC_WARN_64_TO_32_BIT_CONVERSION = YES;
				GCC_WARN_ABOUT_RETURN_TYPE = YES_ERROR;
				GCC_WARN_UNDECLARED_SELECTOR = YES;
				GCC_WARN_UNINITIALIZED_AUTOS = YES_AGGRESSIVE;
				GCC_WARN_UNUSED_FUNCTION = YES;
				GCC_WARN_UNUSED_VARIABLE = YES;
				IPHONEOS_DEPLOYMENT_TARGET = 11.2;
				MTL_ENABLE_DEBUG_INFO = YES;
				ONLY_ACTIVE_ARCH = YES;
				SDKROOT = iphoneos;
				SWIFT_ACTIVE_COMPILATION_CONDITIONS = DEBUG;
				SWIFT_OPTIMIZATION_LEVEL = "-Onone";
			};
			name = Debug;
		};
		0592ABDB20697BFA00189CF5 /* Release */ = {
			isa = XCBuildConfiguration;
			buildSettings = {
				ALWAYS_SEARCH_USER_PATHS = NO;
				CLANG_ANALYZER_NONNULL = YES;
				CLANG_ANALYZER_NUMBER_OBJECT_CONVERSION = YES_AGGRESSIVE;
				CLANG_CXX_LANGUAGE_STANDARD = "gnu++14";
				CLANG_CXX_LIBRARY = "libc++";
				CLANG_ENABLE_MODULES = YES;
				CLANG_ENABLE_OBJC_ARC = YES;
				CLANG_WARN_BLOCK_CAPTURE_AUTORELEASING = YES;
				CLANG_WARN_BOOL_CONVERSION = YES;
				CLANG_WARN_COMMA = YES;
				CLANG_WARN_CONSTANT_CONVERSION = YES;
				CLANG_WARN_DEPRECATED_OBJC_IMPLEMENTATIONS = YES;
				CLANG_WARN_DIRECT_OBJC_ISA_USAGE = YES_ERROR;
				CLANG_WARN_DOCUMENTATION_COMMENTS = YES;
				CLANG_WARN_EMPTY_BODY = YES;
				CLANG_WARN_ENUM_CONVERSION = YES;
				CLANG_WARN_INFINITE_RECURSION = YES;
				CLANG_WARN_INT_CONVERSION = YES;
				CLANG_WARN_NON_LITERAL_NULL_CONVERSION = YES;
				CLANG_WARN_OBJC_IMPLICIT_RETAIN_SELF = YES;
				CLANG_WARN_OBJC_LITERAL_CONVERSION = YES;
				CLANG_WARN_OBJC_ROOT_CLASS = YES_ERROR;
				CLANG_WARN_RANGE_LOOP_ANALYSIS = YES;
				CLANG_WARN_STRICT_PROTOTYPES = YES;
				CLANG_WARN_SUSPICIOUS_MOVE = YES;
				CLANG_WARN_UNGUARDED_AVAILABILITY = YES_AGGRESSIVE;
				CLANG_WARN_UNREACHABLE_CODE = YES;
				CLANG_WARN__DUPLICATE_METHOD_MATCH = YES;
				CODE_SIGN_IDENTITY = "iPhone Developer";
				COPY_PHASE_STRIP = NO;
				DEBUG_INFORMATION_FORMAT = "dwarf-with-dsym";
				ENABLE_NS_ASSERTIONS = NO;
				ENABLE_STRICT_OBJC_MSGSEND = YES;
				GCC_C_LANGUAGE_STANDARD = gnu11;
				GCC_NO_COMMON_BLOCKS = YES;
				GCC_WARN_64_TO_32_BIT_CONVERSION = YES;
				GCC_WARN_ABOUT_RETURN_TYPE = YES_ERROR;
				GCC_WARN_UNDECLARED_SELECTOR = YES;
				GCC_WARN_UNINITIALIZED_AUTOS = YES_AGGRESSIVE;
				GCC_WARN_UNUSED_FUNCTION = YES;
				GCC_WARN_UNUSED_VARIABLE = YES;
				IPHONEOS_DEPLOYMENT_TARGET = 11.2;
				MTL_ENABLE_DEBUG_INFO = NO;
				SDKROOT = iphoneos;
				SWIFT_OPTIMIZATION_LEVEL = "-Owholemodule";
				VALIDATE_PRODUCT = YES;
			};
			name = Release;
		};
		0592ABDD20697BFA00189CF5 /* Debug */ = {
			isa = XCBuildConfiguration;
			buildSettings = {
				ASSETCATALOG_COMPILER_APPICON_NAME = AppIcon;
				CODE_SIGN_STYLE = Automatic;
				DEVELOPMENT_TEAM = RFD4UEVSMM;
				INFOPLIST_FILE = StoreSearch/Info.plist;
				LD_RUNPATH_SEARCH_PATHS = "$(inherited) @executable_path/Frameworks";
				PRODUCT_BUNDLE_IDENTIFIER = com.ekkofitness.StoreSearch;
				PRODUCT_NAME = "$(TARGET_NAME)";
				SWIFT_VERSION = 4.0;
				TARGETED_DEVICE_FAMILY = "1,2";
			};
			name = Debug;
		};
		0592ABDE20697BFA00189CF5 /* Release */ = {
			isa = XCBuildConfiguration;
			buildSettings = {
				ASSETCATALOG_COMPILER_APPICON_NAME = AppIcon;
				CODE_SIGN_STYLE = Automatic;
				DEVELOPMENT_TEAM = RFD4UEVSMM;
				INFOPLIST_FILE = StoreSearch/Info.plist;
				LD_RUNPATH_SEARCH_PATHS = "$(inherited) @executable_path/Frameworks";
				PRODUCT_BUNDLE_IDENTIFIER = com.ekkofitness.StoreSearch;
				PRODUCT_NAME = "$(TARGET_NAME)";
				SWIFT_VERSION = 4.0;
				TARGETED_DEVICE_FAMILY = "1,2";
			};
			name = Release;
		};
/* End XCBuildConfiguration section */

/* Begin XCConfigurationList section */
		0592ABC520697BFA00189CF5 /* Build configuration list for PBXProject "StoreSearch" */ = {
			isa = XCConfigurationList;
			buildConfigurations = (
				0592ABDA20697BFA00189CF5 /* Debug */,
				0592ABDB20697BFA00189CF5 /* Release */,
			);
			defaultConfigurationIsVisible = 0;
			defaultConfigurationName = Release;
		};
		0592ABDC20697BFA00189CF5 /* Build configuration list for PBXNativeTarget "StoreSearch" */ = {
			isa = XCConfigurationList;
			buildConfigurations = (
				0592ABDD20697BFA00189CF5 /* Debug */,
				0592ABDE20697BFA00189CF5 /* Release */,
			);
			defaultConfigurationIsVisible = 0;
			defaultConfigurationName = Release;
		};
/* End XCConfigurationList section */
	};
	rootObject = 0592ABC220697BFA00189CF5 /* Project object */;
}
